Microsoft Visual Studio Solution File, Format Version 11.00
# Visual Studio 2008

Project("{5812C8B3-6742-B92E-C5C9-941F593F9F3E}") = "WhatDoWeDoNow", "Assembly-CSharp-firstpass-vs.csproj", "{EDD3452E-2953-AB37-3ED1-B8F55048FF00}"
EndProject
Project("{5812C8B3-6742-B92E-C5C9-941F593F9F3E}") = "WhatDoWeDoNow", "Assembly-CSharp-vs.csproj", "{7C6F4E94-4691-0460-EEBA-B85286C092DD}"
EndProject
Project("{5812C8B3-6742-B92E-C5C9-941F593F9F3E}") = "WhatDoWeDoNow", "Assembly-CSharp-Editor-firstpass-vs.csproj", "{7ABC7408-50B0-352D-3F98-F5E687C93F6D}"
EndProject
Global
	GlobalSection(SolutionConfigurationPlatforms) = preSolution
		Debug|Any CPU = Debug|Any CPU
		Release|Any CPU = Release|Any CPU
	EndGlobalSection
	GlobalSection(ProjectConfigurationPlatforms) = postSolution
		{EDD3452E-2953-AB37-3ED1-B8F55048FF00}.Debug|Any CPU.ActiveCfg = Debug|Any CPU
		{EDD3452E-2953-AB37-3ED1-B8F55048FF00}.Debug|Any CPU.Build.0 = Debug|Any CPU
		{EDD3452E-2953-AB37-3ED1-B8F55048FF00}.Release|Any CPU.ActiveCfg = Release|Any CPU
		{EDD3452E-2953-AB37-3ED1-B8F55048FF00}.Release|Any CPU.Build.0 = Release|Any CPU
		{7C6F4E94-4691-0460-EEBA-B85286C092DD}.Debug|Any CPU.ActiveCfg = Debug|Any CPU
		{7C6F4E94-4691-0460-EEBA-B85286C092DD}.Debug|Any CPU.Build.0 = Debug|Any CPU
		{7C6F4E94-4691-0460-EEBA-B85286C092DD}.Release|Any CPU.ActiveCfg = Release|Any CPU
		{7C6F4E94-4691-0460-EEBA-B85286C092DD}.Release|Any CPU.Build.0 = Release|Any CPU
		{7ABC7408-50B0-352D-3F98-F5E687C93F6D}.Debug|Any CPU.ActiveCfg = Debug|Any CPU
		{7ABC7408-50B0-352D-3F98-F5E687C93F6D}.Debug|Any CPU.Build.0 = Debug|Any CPU
		{7ABC7408-50B0-352D-3F98-F5E687C93F6D}.Release|Any CPU.ActiveCfg = Release|Any CPU
		{7ABC7408-50B0-352D-3F98-F5E687C93F6D}.Release|Any CPU.Build.0 = Release|Any CPU
	EndGlobalSection
	GlobalSection(SolutionProperties) = preSolution
		HideSolutionNode = FALSE
	EndGlobalSection
																																			GlobalSection(MonoDevelopProperties) = preSolution
		StartupItem = Assembly-CSharp.csproj
		Policies = $0
		$0.TextStylePolicy = $1
		$1.inheritsSet = null
		$1.scope = text/x-csharp
		$0.CSharpFormattingPolicy = $2
		$2.inheritsSet = Mono
		$2.inheritsScope = text/x-csharp
		$2.scope = text/x-csharp
		$0.TextStylePolicy = $3
		$3.FileWidth = 120
		$3.TabWidth = 4
		$3.EolMarker = Unix
		$3.inheritsSet = Mono
		$3.inheritsScope = text/plain
		$3.scope = text/plain
	EndGlobalSection

EndGlobal
